
Microsoft Visual Studio Solution File, Format Version 12.00
# Visual Studio 15
VisualStudioVersion = 15.0.27130.2036
MinimumVisualStudioVersion = 10.0.40219.1
Project("{FAE04EC0-301F-11D3-BF4B-00C04F79EFBC}") = "frontend.Android", "frontend\frontend.Android\frontend.Android.csproj", "{2FB3110C-5D66-464E-B63E-7E2FDE835A80}"
EndProject
Project("{FAE04EC0-301F-11D3-BF4B-00C04F79EFBC}") = "frontend.iOS", "frontend\frontend.iOS\frontend.iOS.csproj", "{A29C542C-8F45-40C2-8AF7-2031E85F2B35}"
EndProject
Project("{FAE04EC0-301F-11D3-BF4B-00C04F79EFBC}") = "frontend.UWP", "frontend\frontend.UWP\frontend.UWP.csproj", "{0D9C5E10-7B3A-4F5E-9D55-0C7ED2F92549}"
EndProject
Project("{D954291E-2A0B-460D-934E-DC6B0785DB48}") = "frontend", "frontend\frontend\frontend.shproj", "{77A05864-2D0F-491D-95B9-CEB69BB1B66D}"
EndProject
Global
	GlobalSection(SharedMSBuildProjectFiles) = preSolution
		frontend\frontend\frontend.projitems*{0d9c5e10-7b3a-4f5e-9d55-0c7ed2f92549}*SharedItemsImports = 4
		frontend\frontend\frontend.projitems*{2fb3110c-5d66-464e-b63e-7e2fde835a80}*SharedItemsImports = 4
		frontend\frontend\frontend.projitems*{77a05864-2d0f-491d-95b9-ceb69bb1b66d}*SharedItemsImports = 13
		frontend\frontend\frontend.projitems*{a29c542c-8f45-40c2-8af7-2031e85f2b35}*SharedItemsImports = 4
	EndGlobalSection
	GlobalSection(SolutionConfigurationPlatforms) = preSolution
		Ad-Hoc|Any CPU = Ad-Hoc|Any CPU
		Ad-Hoc|ARM = Ad-Hoc|ARM
		Ad-Hoc|iPhone = Ad-Hoc|iPhone
		Ad-Hoc|iPhoneSimulator = Ad-Hoc|iPhoneSimulator
		Ad-Hoc|x64 = Ad-Hoc|x64
		Ad-Hoc|x86 = Ad-Hoc|x86
		AppStore|Any CPU = AppStore|Any CPU
		AppStore|ARM = AppStore|ARM
		AppStore|iPhone = AppStore|iPhone
		AppStore|iPhoneSimulator = AppStore|iPhoneSimulator
		AppStore|x64 = AppStore|x64
		AppStore|x86 = AppStore|x86
		Debug|Any CPU = Debug|Any CPU
		Debug|ARM = Debug|ARM
		Debug|iPhone = Debug|iPhone
		Debug|iPhoneSimulator = Debug|iPhoneSimulator
		Debug|x64 = Debug|x64
		Debug|x86 = Debug|x86
		Release|Any CPU = Release|Any CPU
		Release|ARM = Release|ARM
		Release|iPhone = Release|iPhone
		Release|iPhoneSimulator = Release|iPhoneSimulator
		Release|x64 = Release|x64
		Release|x86 = Release|x86
	EndGlobalSection
	GlobalSection(ProjectConfigurationPlatforms) = postSolution
		{2FB3110C-5D66-464E-B63E-7E2FDE835A80}.Ad-Hoc|Any CPU.ActiveCfg = Release|Any CPU
		{2FB3110C-5D66-464E-B63E-7E2FDE835A80}.Ad-Hoc|Any CPU.Build.0 = Release|Any CPU
		{2FB3110C-5D66-464E-B63E-7E2FDE835A80}.Ad-Hoc|Any CPU.Deploy.0 = Release|Any CPU
		{2FB3110C-5D66-464E-B63E-7E2FDE835A80}.Ad-Hoc|ARM.ActiveCfg = Release|Any CPU
		{2FB3110C-5D66-464E-B63E-7E2FDE835A80}.Ad-Hoc|ARM.Build.0 = Release|Any CPU
		{2FB3110C-5D66-464E-B63E-7E2FDE835A80}.Ad-Hoc|ARM.Deploy.0 = Release|Any CPU
		{2FB3110C-5D66-464E-B63E-7E2FDE835A80}.Ad-Hoc|iPhone.ActiveCfg = Release|Any CPU
		{2FB3110C-5D66-464E-B63E-7E2FDE835A80}.Ad-Hoc|iPhone.Build.0 = Release|Any CPU
		{2FB3110C-5D66-464E-B63E-7E2FDE835A80}.Ad-Hoc|iPhone.Deploy.0 = Release|Any CPU
		{2FB3110C-5D66-464E-B63E-7E2FDE835A80}.Ad-Hoc|iPhoneSimulator.ActiveCfg = Release|Any CPU
		{2FB3110C-5D66-464E-B63E-7E2FDE835A80}.Ad-Hoc|iPhoneSimulator.Build.0 = Release|Any CPU
		{2FB3110C-5D66-464E-B63E-7E2FDE835A80}.Ad-Hoc|iPhoneSimulator.Deploy.0 = Release|Any CPU
		{2FB3110C-5D66-464E-B63E-7E2FDE835A80}.Ad-Hoc|x64.ActiveCfg = Release|Any CPU
		{2FB3110C-5D66-464E-B63E-7E2FDE835A80}.Ad-Hoc|x64.Build.0 = Release|Any CPU
		{2FB3110C-5D66-464E-B63E-7E2FDE835A80}.Ad-Hoc|x64.Deploy.0 = Release|Any CPU
		{2FB3110C-5D66-464E-B63E-7E2FDE835A80}.Ad-Hoc|x86.ActiveCfg = Release|Any CPU
		{2FB3110C-5D66-464E-B63E-7E2FDE835A80}.Ad-Hoc|x86.Build.0 = Release|Any CPU
		{2FB3110C-5D66-464E-B63E-7E2FDE835A80}.Ad-Hoc|x86.Deploy.0 = Release|Any CPU
		{2FB3110C-5D66-464E-B63E-7E2FDE835A80}.AppStore|Any CPU.ActiveCfg = Release|Any CPU
		{2FB3110C-5D66-464E-B63E-7E2FDE835A80}.AppStore|Any CPU.Build.0 = Release|Any CPU
		{2FB3110C-5D66-464E-B63E-7E2FDE835A80}.AppStore|Any CPU.Deploy.0 = Release|Any CPU
		{2FB3110C-5D66-464E-B63E-7E2FDE835A80}.AppStore|ARM.ActiveCfg = Release|Any CPU
		{2FB3110C-5D66-464E-B63E-7E2FDE835A80}.AppStore|ARM.Build.0 = Release|Any CPU
		{2FB3110C-5D66-464E-B63E-7E2FDE835A80}.AppStore|ARM.Deploy.0 = Release|Any CPU
		{2FB3110C-5D66-464E-B63E-7E2FDE835A80}.AppStore|iPhone.ActiveCfg = Release|Any CPU
		{2FB3110C-5D66-464E-B63E-7E2FDE835A80}.AppStore|iPhone.Build.0 = Release|Any CPU
		{2FB3110C-5D66-464E-B63E-7E2FDE835A80}.AppStore|iPhone.Deploy.0 = Release|Any CPU
		{2FB3110C-5D66-464E-B63E-7E2FDE835A80}.AppStore|iPhoneSimulator.ActiveCfg = Release|Any CPU
		{2FB3110C-5D66-464E-B63E-7E2FDE835A80}.AppStore|iPhoneSimulator.Build.0 = Release|Any CPU
		{2FB3110C-5D66-464E-B63E-7E2FDE835A80}.AppStore|iPhoneSimulator.Deploy.0 = Release|Any CPU
		{2FB3110C-5D66-464E-B63E-7E2FDE835A80}.AppStore|x64.ActiveCfg = Release|Any CPU
		{2FB3110C-5D66-464E-B63E-7E2FDE835A80}.AppStore|x64.Build.0 = Release|Any CPU
		{2FB3110C-5D66-464E-B63E-7E2FDE835A80}.AppStore|x64.Deploy.0 = Release|Any CPU
		{2FB3110C-5D66-464E-B63E-7E2FDE835A80}.AppStore|x86.ActiveCfg = Release|Any CPU
		{2FB3110C-5D66-464E-B63E-7E2FDE835A80}.AppStore|x86.Build.0 = Release|Any CPU
		{2FB3110C-5D66-464E-B63E-7E2FDE835A80}.AppStore|x86.Deploy.0 = Release|Any CPU
		{2FB3110C-5D66-464E-B63E-7E2FDE835A80}.Debug|Any CPU.ActiveCfg = Debug|Any CPU
		{2FB3110C-5D66-464E-B63E-7E2FDE835A80}.Debug|Any CPU.Build.0 = Debug|Any CPU
		{2FB3110C-5D66-464E-B63E-7E2FDE835A80}.Debug|Any CPU.Deploy.0 = Debug|Any CPU
		{2FB3110C-5D66-464E-B63E-7E2FDE835A80}.Debug|ARM.ActiveCfg = Debug|Any CPU
		{2FB3110C-5D66-464E-B63E-7E2FDE835A80}.Debug|ARM.Build.0 = Debug|Any CPU
		{2FB3110C-5D66-464E-B63E-7E2FDE835A80}.Debug|ARM.Deploy.0 = Debug|Any CPU
		{2FB3110C-5D66-464E-B63E-7E2FDE835A80}.Debug|iPhone.ActiveCfg = Debug|Any CPU
		{2FB3110C-5D66-464E-B63E-7E2FDE835A80}.Debug|iPhone.Build.0 = Debug|Any CPU
		{2FB3110C-5D66-464E-B63E-7E2FDE835A80}.Debug|iPhone.Deploy.0 = Debug|Any CPU
		{2FB3110C-5D66-464E-B63E-7E2FDE835A80}.Debug|iPhoneSimulator.ActiveCfg = Debug|Any CPU
		{2FB3110C-5D66-464E-B63E-7E2FDE835A80}.Debug|iPhoneSimulator.Build.0 = Debug|Any CPU
		{2FB3110C-5D66-464E-B63E-7E2FDE835A80}.Debug|iPhoneSimulator.Deploy.0 = Debug|Any CPU
		{2FB3110C-5D66-464E-B63E-7E2FDE835A80}.Debug|x64.ActiveCfg = Debug|Any CPU
		{2FB3110C-5D66-464E-B63E-7E2FDE835A80}.Debug|x64.Build.0 = Debug|Any CPU
		{2FB3110C-5D66-464E-B63E-7E2FDE835A80}.Debug|x64.Deploy.0 = Debug|Any CPU
		{2FB3110C-5D66-464E-B63E-7E2FDE835A80}.Debug|x86.ActiveCfg = Debug|Any CPU
		{2FB3110C-5D66-464E-B63E-7E2FDE835A80}.Debug|x86.Build.0 = Debug|Any CPU
		{2FB3110C-5D66-464E-B63E-7E2FDE835A80}.Debug|x86.Deploy.0 = Debug|Any CPU
		{2FB3110C-5D66-464E-B63E-7E2FDE835A80}.Release|Any CPU.ActiveCfg = Release|Any CPU
		{2FB3110C-5D66-464E-B63E-7E2FDE835A80}.Release|Any CPU.Build.0 = Release|Any CPU
		{2FB3110C-5D66-464E-B63E-7E2FDE835A80}.Release|Any CPU.Deploy.0 = Release|Any CPU
		{2FB3110C-5D66-464E-B63E-7E2FDE835A80}.Release|ARM.ActiveCfg = Release|Any CPU
		{2FB3110C-5D66-464E-B63E-7E2FDE835A80}.Release|ARM.Build.0 = Release|Any CPU
		{2FB3110C-5D66-464E-B63E-7E2FDE835A80}.Release|ARM.Deploy.0 = Release|Any CPU
		{2FB3110C-5D66-464E-B63E-7E2FDE835A80}.Release|iPhone.ActiveCfg = Release|Any CPU
		{2FB3110C-5D66-464E-B63E-7E2FDE835A80}.Release|iPhone.Build.0 = Release|Any CPU
		{2FB3110C-5D66-464E-B63E-7E2FDE835A80}.Release|iPhone.Deploy.0 = Release|Any CPU
		{2FB3110C-5D66-464E-B63E-7E2FDE835A80}.Release|iPhoneSimulator.ActiveCfg = Release|Any CPU
		{2FB3110C-5D66-464E-B63E-7E2FDE835A80}.Release|iPhoneSimulator.Build.0 = Release|Any CPU
		{2FB3110C-5D66-464E-B63E-7E2FDE835A80}.Release|iPhoneSimulator.Deploy.0 = Release|Any CPU
		{2FB3110C-5D66-464E-B63E-7E2FDE835A80}.Release|x64.ActiveCfg = Release|Any CPU
		{2FB3110C-5D66-464E-B63E-7E2FDE835A80}.Release|x64.Build.0 = Release|Any CPU
		{2FB3110C-5D66-464E-B63E-7E2FDE835A80}.Release|x64.Deploy.0 = Release|Any CPU
		{2FB3110C-5D66-464E-B63E-7E2FDE835A80}.Release|x86.ActiveCfg = Release|Any CPU
		{2FB3110C-5D66-464E-B63E-7E2FDE835A80}.Release|x86.Build.0 = Release|Any CPU
		{2FB3110C-5D66-464E-B63E-7E2FDE835A80}.Release|x86.Deploy.0 = Release|Any CPU
		{A29C542C-8F45-40C2-8AF7-2031E85F2B35}.Ad-Hoc|Any CPU.ActiveCfg = Ad-Hoc|iPhone
		{A29C542C-8F45-40C2-8AF7-2031E85F2B35}.Ad-Hoc|ARM.ActiveCfg = Ad-Hoc|iPhone
		{A29C542C-8F45-40C2-8AF7-2031E85F2B35}.Ad-Hoc|iPhone.ActiveCfg = Ad-Hoc|iPhone
		{A29C542C-8F45-40C2-8AF7-2031E85F2B35}.Ad-Hoc|iPhone.Build.0 = Ad-Hoc|iPhone
		{A29C542C-8F45-40C2-8AF7-2031E85F2B35}.Ad-Hoc|iPhoneSimulator.ActiveCfg = Ad-Hoc|iPhoneSimulator
		{A29C542C-8F45-40C2-8AF7-2031E85F2B35}.Ad-Hoc|iPhoneSimulator.Build.0 = Ad-Hoc|iPhoneSimulator
		{A29C542C-8F45-40C2-8AF7-2031E85F2B35}.Ad-Hoc|x64.ActiveCfg = Ad-Hoc|iPhone
		{A29C542C-8F45-40C2-8AF7-2031E85F2B35}.Ad-Hoc|x86.ActiveCfg = Ad-Hoc|iPhone
		{A29C542C-8F45-40C2-8AF7-2031E85F2B35}.AppStore|Any CPU.ActiveCfg = AppStore|iPhone
		{A29C542C-8F45-40C2-8AF7-2031E85F2B35}.AppStore|ARM.ActiveCfg = AppStore|iPhone
		{A29C542C-8F45-40C2-8AF7-2031E85F2B35}.AppStore|iPhone.ActiveCfg = AppStore|iPhone
		{A29C542C-8F45-40C2-8AF7-2031E85F2B35}.AppStore|iPhone.Build.0 = AppStore|iPhone
		{A29C542C-8F45-40C2-8AF7-2031E85F2B35}.AppStore|iPhoneSimulator.ActiveCfg = AppStore|iPhoneSimulator
		{A29C542C-8F45-40C2-8AF7-2031E85F2B35}.AppStore|iPhoneSimulator.Build.0 = AppStore|iPhoneSimulator
		{A29C542C-8F45-40C2-8AF7-2031E85F2B35}.AppStore|x64.ActiveCfg = AppStore|iPhone
		{A29C542C-8F45-40C2-8AF7-2031E85F2B35}.AppStore|x86.ActiveCfg = AppStore|iPhone
		{A29C542C-8F45-40C2-8AF7-2031E85F2B35}.Debug|Any CPU.ActiveCfg = Debug|iPhone
		{A29C542C-8F45-40C2-8AF7-2031E85F2B35}.Debug|ARM.ActiveCfg = Debug|iPhone
		{A29C542C-8F45-40C2-8AF7-2031E85F2B35}.Debug|iPhone.ActiveCfg = Debug|iPhone
		{A29C542C-8F45-40C2-8AF7-2031E85F2B35}.Debug|iPhone.Build.0 = Debug|iPhone
		{A29C542C-8F45-40C2-8AF7-2031E85F2B35}.Debug|iPhoneSimulator.ActiveCfg = Debug|iPhoneSimulator
		{A29C542C-8F45-40C2-8AF7-2031E85F2B35}.Debug|iPhoneSimulator.Build.0 = Debug|iPhoneSimulator
		{A29C542C-8F45-40C2-8AF7-2031E85F2B35}.Debug|x64.ActiveCfg = Debug|iPhone
		{A29C542C-8F45-40C2-8AF7-2031E85F2B35}.Debug|x86.ActiveCfg = Debug|iPhone
		{A29C542C-8F45-40C2-8AF7-2031E85F2B35}.Release|Any CPU.ActiveCfg = Release|iPhone
		{A29C542C-8F45-40C2-8AF7-2031E85F2B35}.Release|ARM.ActiveCfg = Release|iPhone
		{A29C542C-8F45-40C2-8AF7-2031E85F2B35}.Release|iPhone.ActiveCfg = Release|iPhone
		{A29C542C-8F45-40C2-8AF7-2031E85F2B35}.Release|iPhone.Build.0 = Release|iPhone
		{A29C542C-8F45-40C2-8AF7-2031E85F2B35}.Release|iPhoneSimulator.ActiveCfg = Release|iPhoneSimulator
		{A29C542C-8F45-40C2-8AF7-2031E85F2B35}.Release|iPhoneSimulator.Build.0 = Release|iPhoneSimulator
		{A29C542C-8F45-40C2-8AF7-2031E85F2B35}.Release|x64.ActiveCfg = Release|iPhone
		{A29C542C-8F45-40C2-8AF7-2031E85F2B35}.Release|x86.ActiveCfg = Release|iPhone
		{0D9C5E10-7B3A-4F5E-9D55-0C7ED2F92549}.Ad-Hoc|Any CPU.ActiveCfg = Release|x86
		{0D9C5E10-7B3A-4F5E-9D55-0C7ED2F92549}.Ad-Hoc|Any CPU.Build.0 = Release|x86
		{0D9C5E10-7B3A-4F5E-9D55-0C7ED2F92549}.Ad-Hoc|Any CPU.Deploy.0 = Release|x86
		{0D9C5E10-7B3A-4F5E-9D55-0C7ED2F92549}.Ad-Hoc|ARM.ActiveCfg = Release|ARM
		{0D9C5E10-7B3A-4F5E-9D55-0C7ED2F92549}.Ad-Hoc|ARM.Build.0 = Release|ARM
		{0D9C5E10-7B3A-4F5E-9D55-0C7ED2F92549}.Ad-Hoc|ARM.Deploy.0 = Release|ARM
		{0D9C5E10-7B3A-4F5E-9D55-0C7ED2F92549}.Ad-Hoc|iPhone.ActiveCfg = Release|x86
		{0D9C5E10-7B3A-4F5E-9D55-0C7ED2F92549}.Ad-Hoc|iPhone.Build.0 = Release|x86
		{0D9C5E10-7B3A-4F5E-9D55-0C7ED2F92549}.Ad-Hoc|iPhone.Deploy.0 = Release|x86
		{0D9C5E10-7B3A-4F5E-9D55-0C7ED2F92549}.Ad-Hoc|iPhoneSimulator.ActiveCfg = Release|x86
		{0D9C5E10-7B3A-4F5E-9D55-0C7ED2F92549}.Ad-Hoc|iPhoneSimulator.Build.0 = Release|x86
		{0D9C5E10-7B3A-4F5E-9D55-0C7ED2F92549}.Ad-Hoc|iPhoneSimulator.Deploy.0 = Release|x86
		{0D9C5E10-7B3A-4F5E-9D55-0C7ED2F92549}.Ad-Hoc|x64.ActiveCfg = Release|x64
		{0D9C5E10-7B3A-4F5E-9D55-0C7ED2F92549}.Ad-Hoc|x64.Build.0 = Release|x64
		{0D9C5E10-7B3A-4F5E-9D55-0C7ED2F92549}.Ad-Hoc|x64.Deploy.0 = Release|x64
		{0D9C5E10-7B3A-4F5E-9D55-0C7ED2F92549}.Ad-Hoc|x86.ActiveCfg = Release|x86
		{0D9C5E10-7B3A-4F5E-9D55-0C7ED2F92549}.Ad-Hoc|x86.Build.0 = Release|x86
		{0D9C5E10-7B3A-4F5E-9D55-0C7ED2F92549}.Ad-Hoc|x86.Deploy.0 = Release|x86
		{0D9C5E10-7B3A-4F5E-9D55-0C7ED2F92549}.AppStore|Any CPU.ActiveCfg = Release|x86
		{0D9C5E10-7B3A-4F5E-9D55-0C7ED2F92549}.AppStore|Any CPU.Build.0 = Release|x86
		{0D9C5E10-7B3A-4F5E-9D55-0C7ED2F92549}.AppStore|Any CPU.Deploy.0 = Release|x86
		{0D9C5E10-7B3A-4F5E-9D55-0C7ED2F92549}.AppStore|ARM.ActiveCfg = Release|ARM
		{0D9C5E10-7B3A-4F5E-9D55-0C7ED2F92549}.AppStore|ARM.Build.0 = Release|ARM
		{0D9C5E10-7B3A-4F5E-9D55-0C7ED2F92549}.AppStore|ARM.Deploy.0 = Release|ARM
		{0D9C5E10-7B3A-4F5E-9D55-0C7ED2F92549}.AppStore|iPhone.ActiveCfg = Release|x86
		{0D9C5E10-7B3A-4F5E-9D55-0C7ED2F92549}.AppStore|iPhone.Build.0 = Release|x86
		{0D9C5E10-7B3A-4F5E-9D55-0C7ED2F92549}.AppStore|iPhone.Deploy.0 = Release|x86
		{0D9C5E10-7B3A-4F5E-9D55-0C7ED2F92549}.AppStore|iPhoneSimulator.ActiveCfg = Release|x86
		{0D9C5E10-7B3A-4F5E-9D55-0C7ED2F92549}.AppStore|iPhoneSimulator.Build.0 = Release|x86
		{0D9C5E10-7B3A-4F5E-9D55-0C7ED2F92549}.AppStore|iPhoneSimulator.Deploy.0 = Release|x86
		{0D9C5E10-7B3A-4F5E-9D55-0C7ED2F92549}.AppStore|x64.ActiveCfg = Release|x64
		{0D9C5E10-7B3A-4F5E-9D55-0C7ED2F92549}.AppStore|x64.Build.0 = Release|x64
		{0D9C5E10-7B3A-4F5E-9D55-0C7ED2F92549}.AppStore|x64.Deploy.0 = Release|x64
		{0D9C5E10-7B3A-4F5E-9D55-0C7ED2F92549}.AppStore|x86.ActiveCfg = Release|x86
		{0D9C5E10-7B3A-4F5E-9D55-0C7ED2F92549}.AppStore|x86.Build.0 = Release|x86
		{0D9C5E10-7B3A-4F5E-9D55-0C7ED2F92549}.AppStore|x86.Deploy.0 = Release|x86
		{0D9C5E10-7B3A-4F5E-9D55-0C7ED2F92549}.Debug|Any CPU.ActiveCfg = Debug|x86
		{0D9C5E10-7B3A-4F5E-9D55-0C7ED2F92549}.Debug|ARM.ActiveCfg = Debug|ARM
		{0D9C5E10-7B3A-4F5E-9D55-0C7ED2F92549}.Debug|ARM.Build.0 = Debug|ARM
		{0D9C5E10-7B3A-4F5E-9D55-0C7ED2F92549}.Debug|ARM.Deploy.0 = Debug|ARM
		{0D9C5E10-7B3A-4F5E-9D55-0C7ED2F92549}.Debug|iPhone.ActiveCfg = Debug|x86
		{0D9C5E10-7B3A-4F5E-9D55-0C7ED2F92549}.Debug|iPhoneSimulator.ActiveCfg = Debug|x86
		{0D9C5E10-7B3A-4F5E-9D55-0C7ED2F92549}.Debug|x64.ActiveCfg = Debug|x64
		{0D9C5E10-7B3A-4F5E-9D55-0C7ED2F92549}.Debug|x64.Build.0 = Debug|x64
		{0D9C5E10-7B3A-4F5E-9D55-0C7ED2F92549}.Debug|x64.Deploy.0 = Debug|x64
		{0D9C5E10-7B3A-4F5E-9D55-0C7ED2F92549}.Debug|x86.ActiveCfg = Debug|x86
		{0D9C5E10-7B3A-4F5E-9D55-0C7ED2F92549}.Debug|x86.Build.0 = Debug|x86
		{0D9C5E10-7B3A-4F5E-9D55-0C7ED2F92549}.Debug|x86.Deploy.0 = Debug|x86
		{0D9C5E10-7B3A-4F5E-9D55-0C7ED2F92549}.Release|Any CPU.ActiveCfg = Release|x86
		{0D9C5E10-7B3A-4F5E-9D55-0C7ED2F92549}.Release|ARM.ActiveCfg = Release|ARM
		{0D9C5E10-7B3A-4F5E-9D55-0C7ED2F92549}.Release|ARM.Build.0 = Release|ARM
		{0D9C5E10-7B3A-4F5E-9D55-0C7ED2F92549}.Release|ARM.Deploy.0 = Release|ARM
		{0D9C5E10-7B3A-4F5E-9D55-0C7ED2F92549}.Release|iPhone.ActiveCfg = Release|x86
		{0D9C5E10-7B3A-4F5E-9D55-0C7ED2F92549}.Release|iPhoneSimulator.ActiveCfg = Release|x86
		{0D9C5E10-7B3A-4F5E-9D55-0C7ED2F92549}.Release|x64.ActiveCfg = Release|x64
		{0D9C5E10-7B3A-4F5E-9D55-0C7ED2F92549}.Release|x64.Build.0 = Release|x64
		{0D9C5E10-7B3A-4F5E-9D55-0C7ED2F92549}.Release|x64.Deploy.0 = Release|x64
		{0D9C5E10-7B3A-4F5E-9D55-0C7ED2F92549}.Release|x86.ActiveCfg = Release|x86
		{0D9C5E10-7B3A-4F5E-9D55-0C7ED2F92549}.Release|x86.Build.0 = Release|x86
		{0D9C5E10-7B3A-4F5E-9D55-0C7ED2F92549}.Release|x86.Deploy.0 = Release|x86
	EndGlobalSection
	GlobalSection(SolutionProperties) = preSolution
		HideSolutionNode = FALSE
	EndGlobalSection
	GlobalSection(ExtensibilityGlobals) = postSolution
		SolutionGuid = {688D4F43-44AD-4BFA-B236-37C1AD98DF64}
	EndGlobalSection
EndGlobal
